# THIS IS AN AUTOGENERATED FILE. DO NOT EDIT THIS FILE DIRECTLY.
# yarn lockfile v1


"@styled-system/core@^5.1.1":
  version "5.1.1"
  resolved "https://registry.yarnpkg.com/@styled-system/core/-/core-5.1.1.tgz#7dcd7faf576a18f15a947241d260f170d6f783bf"
  integrity sha512-8doP1Uptn1nlNrG44O/DfiRtLvoh9OkPqxEv9Gp1YAKAD2RgRTTQou/wYw/4y4pqmV3Hjb3NA/5Nbp/Uo5eGUQ==
  dependencies:
    object-assign "^4.1.1"

object-assign@^4.1.1:
  version "4.1.1"
  resolved "https://registry.yarnpkg.com/object-assign/-/object-assign-4.1.1.tgz#2109adc7965887cfc05cbbd442cac8bfbb360863"
  integrity sha1-IQmtx5ZYh8/AXLvUQsrIv7s2CGM=
